{
  "name": "nextjs-test",
  "lockfileVersion": 3,
  "requires": true,
  "packages": {
    "": {
      "dependencies": {
        "@tiptap/pm": "^2.2.4",
        "@tiptap/react": "^2.2.4",
        "@tiptap/starter-kit": "^2.2.4",
        "next": "latest",
        "react": "18.2.0",
        "react-dom": "18.2.0"
      },
      "devDependencies": {
        "@types/node": "20.11.24",
        "@types/react": "18.2.62",
        "typescript": "5.3.3"
      },
      "engines": {
        "node": ">=18"
      }
    },
    "node_modules/@next/env": {
      "version": "14.1.1",
      "resolved": "https://registry.npmjs.org/@next/env/-/env-14.1.1.tgz",
      "integrity": "sha512-7CnQyD5G8shHxQIIg3c7/pSeYFeMhsNbpU/bmvH7ZnDql7mNRgg8O2JZrhrc/soFnfBnKP4/xXNiiSIPn2w8gA=="
    },
    "node_modules/@next/swc-darwin-arm64": {
      "version": "14.1.1",
      "resolved": "https://registry.npmjs.org/@next/swc-darwin-arm64/-/swc-darwin-arm64-14.1.1.tgz",
      "integrity": "sha512-yDjSFKQKTIjyT7cFv+DqQfW5jsD+tVxXTckSe1KIouKk75t1qZmj/mV3wzdmFb0XHVGtyRjDMulfVG8uCKemOQ==",
      "cpu": [
        "arm64"
      ],
      "optional": true,
      "os": [
        "darwin"
      ],
      "engines": {
        "node": ">= 10"
      }
    },
    "node_modules/@next/swc-darwin-x64": {
      "version": "14.1.1",
      "resolved": "https://registry.npmjs.org/@next/swc-darwin-x64/-/swc-darwin-x64-14.1.1.tgz",
      "integrity": "sha512-KCQmBL0CmFmN8D64FHIZVD9I4ugQsDBBEJKiblXGgwn7wBCSe8N4Dx47sdzl4JAg39IkSN5NNrr8AniXLMb3aw==",
      "cpu": [
        "x64"
      ],
      "optional": true,
      "os": [
        "darwin"
      ],
      "engines": {
        "node": ">= 10"
      }
    },
    "node_modules/@next/swc-linux-arm64-gnu": {
      "version": "14.1.1",
      "resolved": "https://registry.npmjs.org/@next/swc-linux-arm64-gnu/-/swc-linux-arm64-gnu-14.1.1.tgz",
      "integrity": "sha512-YDQfbWyW0JMKhJf/T4eyFr4b3tceTorQ5w2n7I0mNVTFOvu6CGEzfwT3RSAQGTi/FFMTFcuspPec/7dFHuP7Eg==",
      "cpu": [
        "arm64"
      ],
      "optional": true,
      "os": [
        "linux"
      ],
      "engines": {
        "node": ">= 10"
      }
    },
    "node_modules/@next/swc-linux-arm64-musl": {
      "version": "14.1.1",
      "resolved": "https://registry.npmjs.org/@next/swc-linux-arm64-musl/-/swc-linux-arm64-musl-14.1.1.tgz",
      "integrity": "sha512-fiuN/OG6sNGRN/bRFxRvV5LyzLB8gaL8cbDH5o3mEiVwfcMzyE5T//ilMmaTrnA8HLMS6hoz4cHOu6Qcp9vxgQ==",
      "cpu": [
        "arm64"
      ],
      "optional": true,
      "os": [
        "linux"
      ],
      "engines": {
        "node": ">= 10"
      }
    },
    "node_modules/@next/swc-linux-x64-gnu": {
      "version": "14.1.1",
      "resolved": "https://registry.npmjs.org/@next/swc-linux-x64-gnu/-/swc-linux-x64-gnu-14.1.1.tgz",
      "integrity": "sha512-rv6AAdEXoezjbdfp3ouMuVqeLjE1Bin0AuE6qxE6V9g3Giz5/R3xpocHoAi7CufRR+lnkuUjRBn05SYJ83oKNQ==",
      "cpu": [
        "x64"
      ],
      "optional": true,
      "os": [
        "linux"
      ],
      "engines": {
        "node": ">= 10"
      }
    },
    "node_modules/@next/swc-linux-x64-musl": {
      "version": "14.1.1",
      "resolved": "https://registry.npmjs.org/@next/swc-linux-x64-musl/-/swc-linux-x64-musl-14.1.1.tgz",
      "integrity": "sha512-YAZLGsaNeChSrpz/G7MxO3TIBLaMN8QWMr3X8bt6rCvKovwU7GqQlDu99WdvF33kI8ZahvcdbFsy4jAFzFX7og==",
      "cpu": [
        "x64"
      ],
      "optional": true,
      "os": [
        "linux"
      ],
      "engines": {
        "node": ">= 10"
      }
    },
    "node_modules/@next/swc-win32-arm64-msvc": {
      "version": "14.1.1",
      "resolved": "https://registry.npmjs.org/@next/swc-win32-arm64-msvc/-/swc-win32-arm64-msvc-14.1.1.tgz",
      "integrity": "sha512-1L4mUYPBMvVDMZg1inUYyPvFSduot0g73hgfD9CODgbr4xiTYe0VOMTZzaRqYJYBA9mana0x4eaAaypmWo1r5A==",
      "cpu": [
        "arm64"
      ],
      "optional": true,
      "os": [
        "win32"
      ],
      "engines": {
        "node": ">= 10"
      }
    },
    "node_modules/@next/swc-win32-ia32-msvc": {
      "version": "14.1.1",
      "resolved": "https://registry.npmjs.org/@next/swc-win32-ia32-msvc/-/swc-win32-ia32-msvc-14.1.1.tgz",
      "integrity": "sha512-jvIE9tsuj9vpbbXlR5YxrghRfMuG0Qm/nZ/1KDHc+y6FpnZ/apsgh+G6t15vefU0zp3WSpTMIdXRUsNl/7RSuw==",
      "cpu": [
        "ia32"
      ],
      "optional": true,
      "os": [
        "win32"
      ],
      "engines": {
        "node": ">= 10"
      }
    },
    "node_modules/@next/swc-win32-x64-msvc": {
      "version": "14.1.1",
      "resolved": "https://registry.npmjs.org/@next/swc-win32-x64-msvc/-/swc-win32-x64-msvc-14.1.1.tgz",
      "integrity": "sha512-S6K6EHDU5+1KrBDLko7/c1MNy/Ya73pIAmvKeFwsF4RmBFJSO7/7YeD4FnZ4iBdzE69PpQ4sOMU9ORKeNuxe8A==",
      "cpu": [
        "x64"
      ],
      "optional": true,
      "os": [
        "win32"
      ],
      "engines": {
        "node": ">= 10"
      }
    },
    "node_modules/@popperjs/core": {
      "version": "2.11.8",
      "resolved": "https://registry.npmjs.org/@popperjs/core/-/core-2.11.8.tgz",
      "integrity": "sha512-P1st0aksCrn9sGZhp8GMYwBnQsbvAWsZAX44oXNNvLHGqAOcoVxmjZiohstwQ7SqKnbR47akdNi+uleWD8+g6A==",
      "funding": {
        "type": "opencollective",
        "url": "https://opencollective.com/popperjs"
      }
    },
    "node_modules/@remirror/core-constants": {
      "version": "2.0.2",
      "resolved": "https://registry.npmjs.org/@remirror/core-constants/-/core-constants-2.0.2.tgz",
      "integrity": "sha512-dyHY+sMF0ihPus3O27ODd4+agdHMEmuRdyiZJ2CCWjPV5UFmn17ZbElvk6WOGVE4rdCJKZQCrPV2BcikOMLUGQ=="
    },
    "node_modules/@remirror/core-helpers": {
      "version": "3.0.0",
      "resolved": "https://registry.npmjs.org/@remirror/core-helpers/-/core-helpers-3.0.0.tgz",
      "integrity": "sha512-tusEgQJIqg4qKj6HSBUFcyRnWnziw3neh4T9wOmsPGHFC3w9kl5KSrDb9UAgE8uX6y32FnS7vJ955mWOl3n50A==",
      "dependencies": {
        "@remirror/core-constants": "^2.0.2",
        "@remirror/types": "^1.0.1",
        "@types/object.omit": "^3.0.0",
        "@types/object.pick": "^1.3.2",
        "@types/throttle-debounce": "^2.1.0",
        "case-anything": "^2.1.13",
        "dash-get": "^1.0.2",
        "deepmerge": "^4.3.1",
        "fast-deep-equal": "^3.1.3",
        "make-error": "^1.3.6",
        "object.omit": "^3.0.0",
        "object.pick": "^1.3.0",
        "throttle-debounce": "^3.0.1"
      }
    },
    "node_modules/@remirror/types": {
      "version": "1.0.1",
      "resolved": "https://registry.npmjs.org/@remirror/types/-/types-1.0.1.tgz",
      "integrity": "sha512-VlZQxwGnt1jtQ18D6JqdIF+uFZo525WEqrfp9BOc3COPpK4+AWCgdnAWL+ho6imWcoINlGjR/+3b6y5C1vBVEA==",
      "dependencies": {
        "type-fest": "^2.19.0"
      }
    },
    "node_modules/@swc/helpers": {
      "version": "0.5.2",
      "resolved": "https://registry.npmjs.org/@swc/helpers/-/helpers-0.5.2.tgz",
      "integrity": "sha512-E4KcWTpoLHqwPHLxidpOqQbcrZVgi0rsmmZXUle1jXmJfuIf/UWpczUJ7MZZ5tlxytgJXyp0w4PGkkeLiuIdZw==",
      "dependencies": {
        "tslib": "^2.4.0"
      }
    },
    "node_modules/@tiptap/core": {
      "version": "2.2.4",
      "resolved": "https://registry.npmjs.org/@tiptap/core/-/core-2.2.4.tgz",
      "integrity": "sha512-cRrI8IlLIhCE1hacBQzXIC8dsRvGq6a4lYWQK/BaHuZg21CG7szp3Vd8Ix+ra1f5v0xPOT+Hy+QFNQooRMKMCw==",
      "funding": {
        "type": "github",
        "url": "https://github.com/sponsors/ueberdosis"
      },
      "peerDependencies": {
        "@tiptap/pm": "^2.0.0"
      }
    },
    "node_modules/@tiptap/extension-blockquote": {
      "version": "2.2.4",
      "resolved": "https://registry.npmjs.org/@tiptap/extension-blockquote/-/extension-blockquote-2.2.4.tgz",
      "integrity": "sha512-FrfPnn0VgVrUwWLwja1afX99JGLp6PE9ThVcmri+tLwUZQvTTVcCvHoCdOakav3/nge1+aV4iE3tQdyq1tWI9Q==",
      "funding": {
        "type": "github",
        "url": "https://github.com/sponsors/ueberdosis"
      },
      "peerDependencies": {
        "@tiptap/core": "^2.0.0"
      }
    },
    "node_modules/@tiptap/extension-bold": {
      "version": "2.2.4",
      "resolved": "https://registry.npmjs.org/@tiptap/extension-bold/-/extension-bold-2.2.4.tgz",
      "integrity": "sha512-v3tTLc8YESFZPOGj5ByFr8VbmQ/PTo49T1vsK50VubxIN/5r9cXlKH8kb3dZlZxCxJa3FrXNO/M8rdGBSWQvSg==",
      "funding": {
        "type": "github",
        "url": "https://github.com/sponsors/ueberdosis"
      },
      "peerDependencies": {
        "@tiptap/core": "^2.0.0"
      }
    },
    "node_modules/@tiptap/extension-bubble-menu": {
      "version": "2.2.4",
      "resolved": "https://registry.npmjs.org/@tiptap/extension-bubble-menu/-/extension-bubble-menu-2.2.4.tgz",
      "integrity": "sha512-Nx1fS9jcFlhxaTDYlnayz2UulhK6CMaePc36+7PQIVI+u20RhgTCRNr25zKNemvsiM0RPZZVUjlHkxC0l5as1Q==",
      "dependencies": {
        "tippy.js": "^6.3.7"
      },
      "funding": {
        "type": "github",
        "url": "https://github.com/sponsors/ueberdosis"
      },
      "peerDependencies": {
        "@tiptap/core": "^2.0.0",
        "@tiptap/pm": "^2.0.0"
      }
    },
    "node_modules/@tiptap/extension-bullet-list": {
      "version": "2.2.4",
      "resolved": "https://registry.npmjs.org/@tiptap/extension-bullet-list/-/extension-bullet-list-2.2.4.tgz",
      "integrity": "sha512-z/MPmW8bhRougMuorl6MAQBXeK4rhlP+jBWlNwT+CT8h5IkXqPnDbM1sZeagp2nYfVV6Yc4RWpzimqHHtGnYTA==",
      "funding": {
        "type": "github",
        "url": "https://github.com/sponsors/ueberdosis"
      },
      "peerDependencies": {
        "@tiptap/core": "^2.0.0"
      }
    },
    "node_modules/@tiptap/extension-code": {
      "version": "2.2.4",
      "resolved": "https://registry.npmjs.org/@tiptap/extension-code/-/extension-code-2.2.4.tgz",
      "integrity": "sha512-JB4SJ2mUU/9qXFUf+K5K9szvovnN9AIcCb0f0UlcVBuddKHSqCl3wO3QJgYt44BfQTLMNuyzr+zVqfFd6BNt/g==",
      "funding": {
        "type": "github",
        "url": "https://github.com/sponsors/ueberdosis"
      },
      "peerDependencies": {
        "@tiptap/core": "^2.0.0"
      }
    },
    "node_modules/@tiptap/extension-code-block": {
      "version": "2.2.4",
      "resolved": "https://registry.npmjs.org/@tiptap/extension-code-block/-/extension-code-block-2.2.4.tgz",
      "integrity": "sha512-h6WV9TmaBEZmvqe1ezMR83DhCPUap6P2mSR5pwVk0WVq6rvZjfgU0iF3EetBJOeDgPlz7cNe2NMDfVb1nGTM/g==",
      "funding": {
        "type": "github",
        "url": "https://github.com/sponsors/ueberdosis"
      },
      "peerDependencies": {
        "@tiptap/core": "^2.0.0",
        "@tiptap/pm": "^2.0.0"
      }
    },
    "node_modules/@tiptap/extension-document": {
      "version": "2.2.4",
      "resolved": "https://registry.npmjs.org/@tiptap/extension-document/-/extension-document-2.2.4.tgz",
      "integrity": "sha512-z+05xGK0OFoXV1GL+/8bzcZuWMdMA3+EKwk5c+iziG60VZcvGTF7jBRsZidlu9Oaj0cDwWHCeeo6L9SgSh6i2A==",
      "funding": {
        "type": "github",
        "url": "https://github.com/sponsors/ueberdosis"
      },
      "peerDependencies": {
        "@tiptap/core": "^2.0.0"
      }
    },
    "node_modules/@tiptap/extension-dropcursor": {
      "version": "2.2.4",
      "resolved": "https://registry.npmjs.org/@tiptap/extension-dropcursor/-/extension-dropcursor-2.2.4.tgz",
      "integrity": "sha512-IHwkEKmqpqXyJi16h7871NrcIqeyN7I6XRE2qdqi+MhGigVWI8nWHoYbjRKa7K/1uhs5zeRYyDlq5EuZyL6mgA==",
      "funding": {
        "type": "github",
        "url": "https://github.com/sponsors/ueberdosis"
      },
      "peerDependencies": {
        "@tiptap/core": "^2.0.0",
        "@tiptap/pm": "^2.0.0"
      }
    },
    "node_modules/@tiptap/extension-floating-menu": {
      "version": "2.2.4",
      "resolved": "https://registry.npmjs.org/@tiptap/extension-floating-menu/-/extension-floating-menu-2.2.4.tgz",
      "integrity": "sha512-U25l7PEzOmlAPugNRl8t8lqyhQZS6W/+3f92+FdwW9qXju3i62iX/3OGCC3Gv+vybmQ4fbZmMjvl+VDfenNi3A==",
      "dependencies": {
        "tippy.js": "^6.3.7"
      },
      "funding": {
        "type": "github",
        "url": "https://github.com/sponsors/ueberdosis"
      },
      "peerDependencies": {
        "@tiptap/core": "^2.0.0",
        "@tiptap/pm": "^2.0.0"
      }
    },
    "node_modules/@tiptap/extension-gapcursor": {
      "version": "2.2.4",
      "resolved": "https://registry.npmjs.org/@tiptap/extension-gapcursor/-/extension-gapcursor-2.2.4.tgz",
      "integrity": "sha512-Y6htT/RDSqkQ1UwG2Ia+rNVRvxrKPOs3RbqKHPaWr3vbFWwhHyKhMCvi/FqfI3d5pViVHOZQ7jhb5hT/a0BmNw==",
      "funding": {
        "type": "github",
        "url": "https://github.com/sponsors/ueberdosis"
      },
      "peerDependencies": {
        "@tiptap/core": "^2.0.0",
        "@tiptap/pm": "^2.0.0"
      }
    },
    "node_modules/@tiptap/extension-hard-break": {
      "version": "2.2.4",
      "resolved": "https://registry.npmjs.org/@tiptap/extension-hard-break/-/extension-hard-break-2.2.4.tgz",
      "integrity": "sha512-FPvS57GcqHIeLbPKGJa3gnH30Xw+YB1PXXnAWG2MpnMtc2Vtj1l5xaYYBZB+ADdXLAlU0YMbKhFLQO4+pg1Isg==",
      "funding": {
        "type": "github",
        "url": "https://github.com/sponsors/ueberdosis"
      },
      "peerDependencies": {
        "@tiptap/core": "^2.0.0"
      }
    },
    "node_modules/@tiptap/extension-heading": {
      "version": "2.2.4",
      "resolved": "https://registry.npmjs.org/@tiptap/extension-heading/-/extension-heading-2.2.4.tgz",
      "integrity": "sha512-gkq7Ns2FcrOCRq7Q+VRYt5saMt2R9g4REAtWy/jEevJ5UV5vA2AiGnYDmxwAkHutoYU0sAUkjqx37wE0wpamNw==",
      "funding": {
        "type": "github",
        "url": "https://github.com/sponsors/ueberdosis"
      },
      "peerDependencies": {
        "@tiptap/core": "^2.0.0"
      }
    },
    "node_modules/@tiptap/extension-history": {
      "version": "2.2.4",
      "resolved": "https://registry.npmjs.org/@tiptap/extension-history/-/extension-history-2.2.4.tgz",
      "integrity": "sha512-FDM32XYF5NU4mzh+fJ8w2CyUqv0l2Nl15sd6fOhQkVxSj8t57z+DUXc9ZR3zkH+1RAagYJo/2Gu3e99KpMr0tg==",
      "funding": {
        "type": "github",
        "url": "https://github.com/sponsors/ueberdosis"
      },
      "peerDependencies": {
        "@tiptap/core": "^2.0.0",
        "@tiptap/pm": "^2.0.0"
      }
    },
    "node_modules/@tiptap/extension-horizontal-rule": {
      "version": "2.2.4",
      "resolved": "https://registry.npmjs.org/@tiptap/extension-horizontal-rule/-/extension-horizontal-rule-2.2.4.tgz",
      "integrity": "sha512-iCRHjFQQHApWg3R4fkKkJQhWEOdu1Fdc4YEAukdOXPSg3fg36IwjvsMXjt9SYBtVZ+iio3rORCZGXyMvgCH9uw==",
      "funding": {
        "type": "github",
        "url": "https://github.com/sponsors/ueberdosis"
      },
      "peerDependencies": {
        "@tiptap/core": "^2.0.0",
        "@tiptap/pm": "^2.0.0"
      }
    },
    "node_modules/@tiptap/extension-italic": {
      "version": "2.2.4",
      "resolved": "https://registry.npmjs.org/@tiptap/extension-italic/-/extension-italic-2.2.4.tgz",
      "integrity": "sha512-qIhGNvWnsQswSgEMRA8jQQjxfkOGNAuNWKEVQX9DPoqAUgknT41hQcAMP8L2+OdACpb2jbVMOO5Cy5Dof2L8/w==",
      "funding": {
        "type": "github",
        "url": "https://github.com/sponsors/ueberdosis"
      },
      "peerDependencies": {
        "@tiptap/core": "^2.0.0"
      }
    },
    "node_modules/@tiptap/extension-list-item": {
      "version": "2.2.4",
      "resolved": "https://registry.npmjs.org/@tiptap/extension-list-item/-/extension-list-item-2.2.4.tgz",
      "integrity": "sha512-lPLKGKsHpM9ClUa8n7GEUn8pG6HCYU0vFruIy3l2t6jZdHkrgBnYtVGMZ13K8UDnj/hlAlccxku0D0P4mA1Vrg==",
      "funding": {
        "type": "github",
        "url": "https://github.com/sponsors/ueberdosis"
      },
      "peerDependencies": {
        "@tiptap/core": "^2.0.0"
      }
    },
    "node_modules/@tiptap/extension-ordered-list": {
      "version": "2.2.4",
      "resolved": "https://registry.npmjs.org/@tiptap/extension-ordered-list/-/extension-ordered-list-2.2.4.tgz",
      "integrity": "sha512-TpFy140O9Af1JciXt+xwqYUXxcJ6YG8zi/B5UDJujp+FH5sCmlYYBBnWxiFMhVaj6yEmA2eafu1qUkic/1X5Aw==",
      "funding": {
        "type": "github",
        "url": "https://github.com/sponsors/ueberdosis"
      },
      "peerDependencies": {
        "@tiptap/core": "^2.0.0"
      }
    },
    "node_modules/@tiptap/extension-paragraph": {
      "version": "2.2.4",
      "resolved": "https://registry.npmjs.org/@tiptap/extension-paragraph/-/extension-paragraph-2.2.4.tgz",
      "integrity": "sha512-m1KwyvTNJxsq7StbspbcOhxO4Wk4YpElDbqOouWi+H4c8azdpI5Pn96ZqhFeE9bSyjByg6OcB/wqoJsLbeFWdQ==",
      "funding": {
        "type": "github",
        "url": "https://github.com/sponsors/ueberdosis"
      },
      "peerDependencies": {
        "@tiptap/core": "^2.0.0"
      }
    },
    "node_modules/@tiptap/extension-strike": {
      "version": "2.2.4",
      "resolved": "https://registry.npmjs.org/@tiptap/extension-strike/-/extension-strike-2.2.4.tgz",
      "integrity": "sha512-/a2EwQgA+PpG17V2tVRspcrIY0SN3blwcgM7lxdW4aucGkqSKnf7+91dkhQEwCZ//o8kv9mBCyRoCUcGy6S5Xg==",
      "funding": {
        "type": "github",
        "url": "https://github.com/sponsors/ueberdosis"
      },
      "peerDependencies": {
        "@tiptap/core": "^2.0.0"
      }
    },
    "node_modules/@tiptap/extension-text": {
      "version": "2.2.4",
      "resolved": "https://registry.npmjs.org/@tiptap/extension-text/-/extension-text-2.2.4.tgz",
      "integrity": "sha512-NlKHMPnRJXB+0AGtDlU0P2Pg+SdesA2lMMd7JzDUgJgL7pX2jOb8eUqSeOjFKuSzFSqYfH6C3o6mQiNhuQMv+g==",
      "funding": {
        "type": "github",
        "url": "https://github.com/sponsors/ueberdosis"
      },
      "peerDependencies": {
        "@tiptap/core": "^2.0.0"
      }
    },
    "node_modules/@tiptap/pm": {
      "version": "2.2.4",
      "resolved": "https://registry.npmjs.org/@tiptap/pm/-/pm-2.2.4.tgz",
      "integrity": "sha512-Po0klR165zgtinhVp1nwMubjyKx6gAY9kH3IzcniYLCkqhPgiqnAcCr61TBpp4hfK8YURBS4ihvCB1dyfCyY8A==",
      "dependencies": {
        "prosemirror-changeset": "^2.2.1",
        "prosemirror-collab": "^1.3.1",
        "prosemirror-commands": "^1.5.2",
        "prosemirror-dropcursor": "^1.8.1",
        "prosemirror-gapcursor": "^1.3.2",
        "prosemirror-history": "^1.3.2",
        "prosemirror-inputrules": "^1.3.0",
        "prosemirror-keymap": "^1.2.2",
        "prosemirror-markdown": "^1.12.0",
        "prosemirror-menu": "^1.2.4",
        "prosemirror-model": "^1.19.4",
        "prosemirror-schema-basic": "^1.2.2",
        "prosemirror-schema-list": "^1.3.0",
        "prosemirror-state": "^1.4.3",
        "prosemirror-tables": "^1.3.5",
        "prosemirror-trailing-node": "^2.0.7",
        "prosemirror-transform": "^1.8.0",
        "prosemirror-view": "^1.32.7"
      },
      "funding": {
        "type": "github",
        "url": "https://github.com/sponsors/ueberdosis"
      }
    },
    "node_modules/@tiptap/react": {
      "version": "2.2.4",
      "resolved": "https://registry.npmjs.org/@tiptap/react/-/react-2.2.4.tgz",
      "integrity": "sha512-HkYmMZWcETPZn3KpzdDg/ns2TKeFh54TvtCEInA4ljYtWGLoZc/A+KaiEtMIgVs+Mo1XwrhuoNGjL9c0OK2HJw==",
      "dependencies": {
        "@tiptap/extension-bubble-menu": "^2.2.4",
        "@tiptap/extension-floating-menu": "^2.2.4"
      },
      "funding": {
        "type": "github",
        "url": "https://github.com/sponsors/ueberdosis"
      },
      "peerDependencies": {
        "@tiptap/core": "^2.0.0",
        "@tiptap/pm": "^2.0.0",
        "react": "^17.0.0 || ^18.0.0",
        "react-dom": "^17.0.0 || ^18.0.0"
      }
    },
    "node_modules/@tiptap/starter-kit": {
      "version": "2.2.4",
      "resolved": "https://registry.npmjs.org/@tiptap/starter-kit/-/starter-kit-2.2.4.tgz",
      "integrity": "sha512-Kbk7qUfIZg3+bNa3e/wBeDQt4jJB46uQgM+xy5NSY6H8NZP6gdmmap3aIrn9S/W/hGpxJl4RcXAeaT0CQji9XA==",
      "dependencies": {
        "@tiptap/core": "^2.2.4",
        "@tiptap/extension-blockquote": "^2.2.4",
        "@tiptap/extension-bold": "^2.2.4",
        "@tiptap/extension-bullet-list": "^2.2.4",
        "@tiptap/extension-code": "^2.2.4",
        "@tiptap/extension-code-block": "^2.2.4",
        "@tiptap/extension-document": "^2.2.4",
        "@tiptap/extension-dropcursor": "^2.2.4",
        "@tiptap/extension-gapcursor": "^2.2.4",
        "@tiptap/extension-hard-break": "^2.2.4",
        "@tiptap/extension-heading": "^2.2.4",
        "@tiptap/extension-history": "^2.2.4",
        "@tiptap/extension-horizontal-rule": "^2.2.4",
        "@tiptap/extension-italic": "^2.2.4",
        "@tiptap/extension-list-item": "^2.2.4",
        "@tiptap/extension-ordered-list": "^2.2.4",
        "@tiptap/extension-paragraph": "^2.2.4",
        "@tiptap/extension-strike": "^2.2.4",
        "@tiptap/extension-text": "^2.2.4"
      },
      "funding": {
        "type": "github",
        "url": "https://github.com/sponsors/ueberdosis"
      }
    },
    "node_modules/@types/node": {
      "version": "20.11.24",
      "resolved": "https://registry.npmjs.org/@types/node/-/node-20.11.24.tgz",
      "integrity": "sha512-Kza43ewS3xoLgCEpQrsT+xRo/EJej1y0kVYGiLFE1NEODXGzTfwiC6tXTLMQskn1X4/Rjlh0MQUvx9W+L9long==",
      "dev": true,
      "dependencies": {
        "undici-types": "~5.26.4"
      }
    },
    "node_modules/@types/object.omit": {
      "version": "3.0.3",
      "resolved": "https://registry.npmjs.org/@types/object.omit/-/object.omit-3.0.3.tgz",
      "integrity": "sha512-xrq4bQTBGYY2cw+gV4PzoG2Lv3L0pjZ1uXStRRDQoATOYW1lCsFQHhQ+OkPhIcQoqLjAq7gYif7D14Qaa6Zbew=="
    },
    "node_modules/@types/object.pick": {
      "version": "1.3.4",
      "resolved": "https://registry.npmjs.org/@types/object.pick/-/object.pick-1.3.4.tgz",
      "integrity": "sha512-5PjwB0uP2XDp3nt5u5NJAG2DORHIRClPzWT/TTZhJ2Ekwe8M5bA9tvPdi9NO/n2uvu2/ictat8kgqvLfcIE1SA=="
    },
    "node_modules/@types/prop-types": {
      "version": "15.7.11",
      "resolved": "https://registry.npmjs.org/@types/prop-types/-/prop-types-15.7.11.tgz",
      "integrity": "sha512-ga8y9v9uyeiLdpKddhxYQkxNDrfvuPrlFb0N1qnZZByvcElJaXthF1UhvCh9TLWJBEHeNtdnbysW7Y6Uq8CVng==",
      "dev": true
    },
    "node_modules/@types/react": {
      "version": "18.2.62",
      "resolved": "https://registry.npmjs.org/@types/react/-/react-18.2.62.tgz",
      "integrity": "sha512-l3f57BbaEKP0xcFzf+5qRG8/PXykZiuVM6eEoPtqBPCp6dxO3HhDkLIgIyXPhPKNAeXn3KO2pEaNgzaEo/asaw==",
      "dev": true,
      "dependencies": {
        "@types/prop-types": "*",
        "@types/scheduler": "*",
        "csstype": "^3.0.2"
      }
    },
    "node_modules/@types/scheduler": {
      "version": "0.16.8",
      "resolved": "https://registry.npmjs.org/@types/scheduler/-/scheduler-0.16.8.tgz",
      "integrity": "sha512-WZLiwShhwLRmeV6zH+GkbOFT6Z6VklCItrDioxUnv+u4Ll+8vKeFySoFyK/0ctcRpOmwAicELfmys1sDc/Rw+A==",
      "dev": true
    },
    "node_modules/@types/throttle-debounce": {
      "version": "2.1.0",
      "resolved": "https://registry.npmjs.org/@types/throttle-debounce/-/throttle-debounce-2.1.0.tgz",
      "integrity": "sha512-5eQEtSCoESnh2FsiLTxE121IiE60hnMqcb435fShf4bpLRjEu1Eoekht23y6zXS9Ts3l+Szu3TARnTsA0GkOkQ=="
    },
    "node_modules/argparse": {
      "version": "2.0.1",
      "resolved": "https://registry.npmjs.org/argparse/-/argparse-2.0.1.tgz",
      "integrity": "sha512-8+9WqebbFzpX9OR+Wa6O29asIogeRMzcGtAINdpMHHyAg10f05aSFVBbcEqGf/PXw1EjAZ+q2/bEBg3DvurK3Q=="
    },
    "node_modules/busboy": {
      "version": "1.6.0",
      "resolved": "https://registry.npmjs.org/busboy/-/busboy-1.6.0.tgz",
      "integrity": "sha512-8SFQbg/0hQ9xy3UNTB0YEnsNBbWfhf7RtnzpL7TkBiTBRfrQ9Fxcnz7VJsleJpyp6rVLvXiuORqjlHi5q+PYuA==",
      "dependencies": {
        "streamsearch": "^1.1.0"
      },
      "engines": {
        "node": ">=10.16.0"
      }
    },
    "node_modules/caniuse-lite": {
      "version": "1.0.30001593",
      "resolved": "https://registry.npmjs.org/caniuse-lite/-/caniuse-lite-1.0.30001593.tgz",
      "integrity": "sha512-UWM1zlo3cZfkpBysd7AS+z+v007q9G1+fLTUU42rQnY6t2axoogPW/xol6T7juU5EUoOhML4WgBIdG+9yYqAjQ==",
      "funding": [
        {
          "type": "opencollective",
          "url": "https://opencollective.com/browserslist"
        },
        {
          "type": "tidelift",
          "url": "https://tidelift.com/funding/github/npm/caniuse-lite"
        },
        {
          "type": "github",
          "url": "https://github.com/sponsors/ai"
        }
      ]
    },
    "node_modules/case-anything": {
      "version": "2.1.13",
      "resolved": "https://registry.npmjs.org/case-anything/-/case-anything-2.1.13.tgz",
      "integrity": "sha512-zlOQ80VrQ2Ue+ymH5OuM/DlDq64mEm+B9UTdHULv5osUMD6HalNTblf2b1u/m6QecjsnOkBpqVZ+XPwIVsy7Ng==",
      "engines": {
        "node": ">=12.13"
      },
      "funding": {
        "url": "https://github.com/sponsors/mesqueeb"
      }
    },
    "node_modules/client-only": {
      "version": "0.0.1",
      "resolved": "https://registry.npmjs.org/client-only/-/client-only-0.0.1.tgz",
      "integrity": "sha512-IV3Ou0jSMzZrd3pZ48nLkT9DA7Ag1pnPzaiQhpW7c3RbcqqzvzzVu+L8gfqMp/8IM2MQtSiqaCxrrcfu8I8rMA=="
    },
    "node_modules/crelt": {
      "version": "1.0.6",
      "resolved": "https://registry.npmjs.org/crelt/-/crelt-1.0.6.tgz",
      "integrity": "sha512-VQ2MBenTq1fWZUH9DJNGti7kKv6EeAuYr3cLwxUWhIu1baTaXh4Ib5W2CqHVqib4/MqbYGJqiL3Zb8GJZr3l4g=="
    },
    "node_modules/csstype": {
      "version": "3.1.3",
      "resolved": "https://registry.npmjs.org/csstype/-/csstype-3.1.3.tgz",
      "integrity": "sha512-M1uQkMl8rQK/szD0LNhtqxIPLpimGm8sOBwU7lLnCpSbTyY3yeU1Vc7l4KT5zT4s/yOxHH5O7tIuuLOCnLADRw==",
      "dev": true
    },
    "node_modules/dash-get": {
      "version": "1.0.2",
      "resolved": "https://registry.npmjs.org/dash-get/-/dash-get-1.0.2.tgz",
      "integrity": "sha512-4FbVrHDwfOASx7uQVxeiCTo7ggSdYZbqs8lH+WU6ViypPlDbe9y6IP5VVUDQBv9DcnyaiPT5XT0UWHgJ64zLeQ=="
    },
    "node_modules/deepmerge": {
      "version": "4.3.1",
      "resolved": "https://registry.npmjs.org/deepmerge/-/deepmerge-4.3.1.tgz",
      "integrity": "sha512-3sUqbMEc77XqpdNO7FRyRog+eW3ph+GYCbj+rK+uYyRMuwsVy0rMiVtPn+QJlKFvWP/1PYpapqYn0Me2knFn+A==",
      "engines": {
        "node": ">=0.10.0"
      }
    },
    "node_modules/entities": {
      "version": "4.5.0",
      "resolved": "https://registry.npmjs.org/entities/-/entities-4.5.0.tgz",
      "integrity": "sha512-V0hjH4dGPh9Ao5p0MoRY6BVqtwCjhz6vI5LT8AJ55H+4g9/4vbHx1I54fS0XuclLhDHArPQCiMjDxjaL8fPxhw==",
      "engines": {
        "node": ">=0.12"
      },
      "funding": {
        "url": "https://github.com/fb55/entities?sponsor=1"
      }
    },
    "node_modules/escape-string-regexp": {
      "version": "4.0.0",
      "resolved": "https://registry.npmjs.org/escape-string-regexp/-/escape-string-regexp-4.0.0.tgz",
      "integrity": "sha512-TtpcNJ3XAzx3Gq8sWRzJaVajRs0uVxA2YAkdb1jm2YkPz4G6egUFAyA3n5vtEIZefPk5Wa4UXbKuS5fKkJWdgA==",
      "engines": {
        "node": ">=10"
      },
      "funding": {
        "url": "https://github.com/sponsors/sindresorhus"
      }
    },
    "node_modules/fast-deep-equal": {
      "version": "3.1.3",
      "resolved": "https://registry.npmjs.org/fast-deep-equal/-/fast-deep-equal-3.1.3.tgz",
      "integrity": "sha512-f3qQ9oQy9j2AhBe/H9VC91wLmKBCCU/gDOnKNAYG5hswO7BLKj09Hc5HYNz9cGI++xlpDCIgDaitVs03ATR84Q=="
    },
    "node_modules/graceful-fs": {
      "version": "4.2.11",
      "resolved": "https://registry.npmjs.org/graceful-fs/-/graceful-fs-4.2.11.tgz",
      "integrity": "sha512-RbJ5/jmFcNNCcDV5o9eTnBLJ/HszWV0P73bc+Ff4nS/rJj+YaS6IGyiOL0VoBYX+l1Wrl3k63h/KrH+nhJ0XvQ=="
    },
    "node_modules/is-extendable": {
      "version": "1.0.1",
      "resolved": "https://registry.npmjs.org/is-extendable/-/is-extendable-1.0.1.tgz",
      "integrity": "sha512-arnXMxT1hhoKo9k1LZdmlNyJdDDfy2v0fXjFlmok4+i8ul/6WlbVge9bhM74OpNPQPMGUToDtz+KXa1PneJxOA==",
      "dependencies": {
        "is-plain-object": "^2.0.4"
      },
      "engines": {
        "node": ">=0.10.0"
      }
    },
    "node_modules/is-plain-object": {
      "version": "2.0.4",
      "resolved": "https://registry.npmjs.org/is-plain-object/-/is-plain-object-2.0.4.tgz",
      "integrity": "sha512-h5PpgXkWitc38BBMYawTYMWJHFZJVnBquFE57xFpjB8pJFiF6gZ+bU+WyI/yqXiFR5mdLsgYNaPe8uao6Uv9Og==",
      "dependencies": {
        "isobject": "^3.0.1"
      },
      "engines": {
        "node": ">=0.10.0"
      }
    },
    "node_modules/isobject": {
      "version": "3.0.1",
      "resolved": "https://registry.npmjs.org/isobject/-/isobject-3.0.1.tgz",
      "integrity": "sha512-WhB9zCku7EGTj/HQQRz5aUQEUeoQZH2bWcltRErOpymJ4boYE6wL9Tbr23krRPSZ+C5zqNSrSw+Cc7sZZ4b7vg==",
      "engines": {
        "node": ">=0.10.0"
      }
    },
    "node_modules/js-tokens": {
      "version": "4.0.0",
      "resolved": "https://registry.npmjs.org/js-tokens/-/js-tokens-4.0.0.tgz",
      "integrity": "sha512-RdJUflcE3cUzKiMqQgsCu06FPu9UdIJO0beYbPhHN4k6apgJtifcoCtT9bcxOpYBtpD2kCM6Sbzg4CausW/PKQ=="
    },
    "node_modules/linkify-it": {
      "version": "5.0.0",
      "resolved": "https://registry.npmjs.org/linkify-it/-/linkify-it-5.0.0.tgz",
      "integrity": "sha512-5aHCbzQRADcdP+ATqnDuhhJ/MRIqDkZX5pyjFHRRysS8vZ5AbqGEoFIb6pYHPZ+L/OC2Lc+xT8uHVVR5CAK/wQ==",
      "dependencies": {
        "uc.micro": "^2.0.0"
      }
    },
    "node_modules/loose-envify": {
      "version": "1.4.0",
      "resolved": "https://registry.npmjs.org/loose-envify/-/loose-envify-1.4.0.tgz",
      "integrity": "sha512-lyuxPGr/Wfhrlem2CL/UcnUc1zcqKAImBDzukY7Y5F/yQiNdko6+fRLevlw1HgMySw7f611UIY408EtxRSoK3Q==",
      "dependencies": {
        "js-tokens": "^3.0.0 || ^4.0.0"
      },
      "bin": {
        "loose-envify": "cli.js"
      }
    },
    "node_modules/make-error": {
      "version": "1.3.6",
      "resolved": "https://registry.npmjs.org/make-error/-/make-error-1.3.6.tgz",
      "integrity": "sha512-s8UhlNe7vPKomQhC1qFelMokr/Sc3AgNbso3n74mVPA5LTZwkB9NlXf4XPamLxJE8h0gh73rM94xvwRT2CVInw=="
    },
    "node_modules/markdown-it": {
      "version": "14.0.0",
      "resolved": "https://registry.npmjs.org/markdown-it/-/markdown-it-14.0.0.tgz",
      "integrity": "sha512-seFjF0FIcPt4P9U39Bq1JYblX0KZCjDLFFQPHpL5AzHpqPEKtosxmdq/LTVZnjfH7tjt9BxStm+wXcDBNuYmzw==",
      "dependencies": {
        "argparse": "^2.0.1",
        "entities": "^4.4.0",
        "linkify-it": "^5.0.0",
        "mdurl": "^2.0.0",
        "punycode.js": "^2.3.1",
        "uc.micro": "^2.0.0"
      },
      "bin": {
        "markdown-it": "bin/markdown-it.mjs"
      }
    },
    "node_modules/mdurl": {
      "version": "2.0.0",
      "resolved": "https://registry.npmjs.org/mdurl/-/mdurl-2.0.0.tgz",
      "integrity": "sha512-Lf+9+2r+Tdp5wXDXC4PcIBjTDtq4UKjCPMQhKIuzpJNW0b96kVqSwW0bT7FhRSfmAiFYgP+SCRvdrDozfh0U5w=="
    },
    "node_modules/nanoid": {
      "version": "3.3.7",
      "resolved": "https://registry.npmjs.org/nanoid/-/nanoid-3.3.7.tgz",
      "integrity": "sha512-eSRppjcPIatRIMC1U6UngP8XFcz8MQWGQdt1MTBQ7NaAmvXDfvNxbvWV3x2y6CdEUciCSsDHDQZbhYaB8QEo2g==",
      "funding": [
        {
          "type": "github",
          "url": "https://github.com/sponsors/ai"
        }
      ],
      "bin": {
        "nanoid": "bin/nanoid.cjs"
      },
      "engines": {
        "node": "^10 || ^12 || ^13.7 || ^14 || >=15.0.1"
      }
    },
    "node_modules/next": {
      "version": "14.1.1",
      "resolved": "https://registry.npmjs.org/next/-/next-14.1.1.tgz",
      "integrity": "sha512-McrGJqlGSHeaz2yTRPkEucxQKe5Zq7uPwyeHNmJaZNY4wx9E9QdxmTp310agFRoMuIYgQrCrT3petg13fSVOww==",
      "dependencies": {
        "@next/env": "14.1.1",
        "@swc/helpers": "0.5.2",
        "busboy": "1.6.0",
        "caniuse-lite": "^1.0.30001579",
        "graceful-fs": "^4.2.11",
        "postcss": "8.4.31",
        "styled-jsx": "5.1.1"
      },
      "bin": {
        "next": "dist/bin/next"
      },
      "engines": {
        "node": ">=18.17.0"
      },
      "optionalDependencies": {
        "@next/swc-darwin-arm64": "14.1.1",
        "@next/swc-darwin-x64": "14.1.1",
        "@next/swc-linux-arm64-gnu": "14.1.1",
        "@next/swc-linux-arm64-musl": "14.1.1",
        "@next/swc-linux-x64-gnu": "14.1.1",
        "@next/swc-linux-x64-musl": "14.1.1",
        "@next/swc-win32-arm64-msvc": "14.1.1",
        "@next/swc-win32-ia32-msvc": "14.1.1",
        "@next/swc-win32-x64-msvc": "14.1.1"
      },
      "peerDependencies": {
        "@opentelemetry/api": "^1.1.0",
        "react": "^18.2.0",
        "react-dom": "^18.2.0",
        "sass": "^1.3.0"
      },
      "peerDependenciesMeta": {
        "@opentelemetry/api": {
          "optional": true
        },
        "sass": {
          "optional": true
        }
      }
    },
    "node_modules/object.omit": {
      "version": "3.0.0",
      "resolved": "https://registry.npmjs.org/object.omit/-/object.omit-3.0.0.tgz",
      "integrity": "sha512-EO+BCv6LJfu+gBIF3ggLicFebFLN5zqzz/WWJlMFfkMyGth+oBkhxzDl0wx2W4GkLzuQs/FsSkXZb2IMWQqmBQ==",
      "dependencies": {
        "is-extendable": "^1.0.0"
      },
      "engines": {
        "node": ">=0.10.0"
      }
    },
    "node_modules/object.pick": {
      "version": "1.3.0",
      "resolved": "https://registry.npmjs.org/object.pick/-/object.pick-1.3.0.tgz",
      "integrity": "sha512-tqa/UMy/CCoYmj+H5qc07qvSL9dqcs/WZENZ1JbtWBlATP+iVOe778gE6MSijnyCnORzDuX6hU+LA4SZ09YjFQ==",
      "dependencies": {
        "isobject": "^3.0.1"
      },
      "engines": {
        "node": ">=0.10.0"
      }
    },
    "node_modules/orderedmap": {
      "version": "2.1.1",
      "resolved": "https://registry.npmjs.org/orderedmap/-/orderedmap-2.1.1.tgz",
      "integrity": "sha512-TvAWxi0nDe1j/rtMcWcIj94+Ffe6n7zhow33h40SKxmsmozs6dz/e+EajymfoFcHd7sxNn8yHM8839uixMOV6g=="
    },
    "node_modules/picocolors": {
      "version": "1.0.0",
      "resolved": "https://registry.npmjs.org/picocolors/-/picocolors-1.0.0.tgz",
      "integrity": "sha512-1fygroTLlHu66zi26VoTDv8yRgm0Fccecssto+MhsZ0D/DGW2sm8E8AjW7NU5VVTRt5GxbeZ5qBuJr+HyLYkjQ=="
    },
    "node_modules/postcss": {
      "version": "8.4.31",
      "resolved": "https://registry.npmjs.org/postcss/-/postcss-8.4.31.tgz",
      "integrity": "sha512-PS08Iboia9mts/2ygV3eLpY5ghnUcfLV/EXTOW1E2qYxJKGGBUtNjN76FYHnMs36RmARn41bC0AZmn+rR0OVpQ==",
      "funding": [
        {
          "type": "opencollective",
          "url": "https://opencollective.com/postcss/"
        },
        {
          "type": "tidelift",
          "url": "https://tidelift.com/funding/github/npm/postcss"
        },
        {
          "type": "github",
          "url": "https://github.com/sponsors/ai"
        }
      ],
      "dependencies": {
        "nanoid": "^3.3.6",
        "picocolors": "^1.0.0",
        "source-map-js": "^1.0.2"
      },
      "engines": {
        "node": "^10 || ^12 || >=14"
      }
    },
    "node_modules/prosemirror-changeset": {
      "version": "2.2.1",
      "resolved": "https://registry.npmjs.org/prosemirror-changeset/-/prosemirror-changeset-2.2.1.tgz",
      "integrity": "sha512-J7msc6wbxB4ekDFj+n9gTW/jav/p53kdlivvuppHsrZXCaQdVgRghoZbSS3kwrRyAstRVQ4/+u5k7YfLgkkQvQ==",
      "dependencies": {
        "prosemirror-transform": "^1.0.0"
      }
    },
    "node_modules/prosemirror-collab": {
      "version": "1.3.1",
      "resolved": "https://registry.npmjs.org/prosemirror-collab/-/prosemirror-collab-1.3.1.tgz",
      "integrity": "sha512-4SnynYR9TTYaQVXd/ieUvsVV4PDMBzrq2xPUWutHivDuOshZXqQ5rGbZM84HEaXKbLdItse7weMGOUdDVcLKEQ==",
      "dependencies": {
        "prosemirror-state": "^1.0.0"
      }
    },
    "node_modules/prosemirror-commands": {
      "version": "1.5.2",
      "resolved": "https://registry.npmjs.org/prosemirror-commands/-/prosemirror-commands-1.5.2.tgz",
      "integrity": "sha512-hgLcPaakxH8tu6YvVAaILV2tXYsW3rAdDR8WNkeKGcgeMVQg3/TMhPdVoh7iAmfgVjZGtcOSjKiQaoeKjzd2mQ==",
      "dependencies": {
        "prosemirror-model": "^1.0.0",
        "prosemirror-state": "^1.0.0",
        "prosemirror-transform": "^1.0.0"
      }
    },
    "node_modules/prosemirror-dropcursor": {
      "version": "1.8.1",
      "resolved": "https://registry.npmjs.org/prosemirror-dropcursor/-/prosemirror-dropcursor-1.8.1.tgz",
      "integrity": "sha512-M30WJdJZLyXHi3N8vxN6Zh5O8ZBbQCz0gURTfPmTIBNQ5pxrdU7A58QkNqfa98YEjSAL1HUyyU34f6Pm5xBSGw==",
      "dependencies": {
        "prosemirror-state": "^1.0.0",
        "prosemirror-transform": "^1.1.0",
        "prosemirror-view": "^1.1.0"
      }
    },
    "node_modules/prosemirror-gapcursor": {
      "version": "1.3.2",
      "resolved": "https://registry.npmjs.org/prosemirror-gapcursor/-/prosemirror-gapcursor-1.3.2.tgz",
      "integrity": "sha512-wtjswVBd2vaQRrnYZaBCbyDqr232Ed4p2QPtRIUK5FuqHYKGWkEwl08oQM4Tw7DOR0FsasARV5uJFvMZWxdNxQ==",
      "dependencies": {
        "prosemirror-keymap": "^1.0.0",
        "prosemirror-model": "^1.0.0",
        "prosemirror-state": "^1.0.0",
        "prosemirror-view": "^1.0.0"
      }
    },
    "node_modules/prosemirror-history": {
      "version": "1.3.2",
      "resolved": "https://registry.npmjs.org/prosemirror-history/-/prosemirror-history-1.3.2.tgz",
      "integrity": "sha512-/zm0XoU/N/+u7i5zepjmZAEnpvjDtzoPWW6VmKptcAnPadN/SStsBjMImdCEbb3seiNTpveziPTIrXQbHLtU1g==",
      "dependencies": {
        "prosemirror-state": "^1.2.2",
        "prosemirror-transform": "^1.0.0",
        "prosemirror-view": "^1.31.0",
        "rope-sequence": "^1.3.0"
      }
    },
    "node_modules/prosemirror-inputrules": {
      "version": "1.4.0",
      "resolved": "https://registry.npmjs.org/prosemirror-inputrules/-/prosemirror-inputrules-1.4.0.tgz",
      "integrity": "sha512-6ygpPRuTJ2lcOXs9JkefieMst63wVJBgHZGl5QOytN7oSZs3Co/BYbc3Yx9zm9H37Bxw8kVzCnDsihsVsL4yEg==",
      "dependencies": {
        "prosemirror-state": "^1.0.0",
        "prosemirror-transform": "^1.0.0"
      }
    },
    "node_modules/prosemirror-keymap": {
      "version": "1.2.2",
      "resolved": "https://registry.npmjs.org/prosemirror-keymap/-/prosemirror-keymap-1.2.2.tgz",
      "integrity": "sha512-EAlXoksqC6Vbocqc0GtzCruZEzYgrn+iiGnNjsJsH4mrnIGex4qbLdWWNza3AW5W36ZRrlBID0eM6bdKH4OStQ==",
      "dependencies": {
        "prosemirror-state": "^1.0.0",
        "w3c-keyname": "^2.2.0"
      }
    },
    "node_modules/prosemirror-markdown": {
      "version": "1.12.0",
      "resolved": "https://registry.npmjs.org/prosemirror-markdown/-/prosemirror-markdown-1.12.0.tgz",
      "integrity": "sha512-6F5HS8Z0HDYiS2VQDZzfZP6A0s/I0gbkJy8NCzzDMtcsz3qrfqyroMMeoSjAmOhDITyon11NbXSzztfKi+frSQ==",
      "dependencies": {
        "markdown-it": "^14.0.0",
        "prosemirror-model": "^1.0.0"
      }
    },
    "node_modules/prosemirror-menu": {
      "version": "1.2.4",
      "resolved": "https://registry.npmjs.org/prosemirror-menu/-/prosemirror-menu-1.2.4.tgz",
      "integrity": "sha512-S/bXlc0ODQup6aiBbWVsX/eM+xJgCTAfMq/nLqaO5ID/am4wS0tTCIkzwytmao7ypEtjj39i7YbJjAgO20mIqA==",
      "dependencies": {
        "crelt": "^1.0.0",
        "prosemirror-commands": "^1.0.0",
        "prosemirror-history": "^1.0.0",
        "prosemirror-state": "^1.0.0"
      }
    },
    "node_modules/prosemirror-model": {
      "version": "1.19.4",
      "resolved": "https://registry.npmjs.org/prosemirror-model/-/prosemirror-model-1.19.4.tgz",
      "integrity": "sha512-RPmVXxUfOhyFdayHawjuZCxiROsm9L4FCUA6pWI+l7n2yCBsWy9VpdE1hpDHUS8Vad661YLY9AzqfjLhAKQ4iQ==",
      "dependencies": {
        "orderedmap": "^2.0.0"
      }
    },
    "node_modules/prosemirror-schema-basic": {
      "version": "1.2.2",
      "resolved": "https://registry.npmjs.org/prosemirror-schema-basic/-/prosemirror-schema-basic-1.2.2.tgz",
      "integrity": "sha512-/dT4JFEGyO7QnNTe9UaKUhjDXbTNkiWTq/N4VpKaF79bBjSExVV2NXmJpcM7z/gD7mbqNjxbmWW5nf1iNSSGnw==",
      "dependencies": {
        "prosemirror-model": "^1.19.0"
      }
    },
    "node_modules/prosemirror-schema-list": {
      "version": "1.3.0",
      "resolved": "https://registry.npmjs.org/prosemirror-schema-list/-/prosemirror-schema-list-1.3.0.tgz",
      "integrity": "sha512-Hz/7gM4skaaYfRPNgr421CU4GSwotmEwBVvJh5ltGiffUJwm7C8GfN/Bc6DR1EKEp5pDKhODmdXXyi9uIsZl5A==",
      "dependencies": {
        "prosemirror-model": "^1.0.0",
        "prosemirror-state": "^1.0.0",
        "prosemirror-transform": "^1.7.3"
      }
    },
    "node_modules/prosemirror-state": {
      "version": "1.4.3",
      "resolved": "https://registry.npmjs.org/prosemirror-state/-/prosemirror-state-1.4.3.tgz",
      "integrity": "sha512-goFKORVbvPuAQaXhpbemJFRKJ2aixr+AZMGiquiqKxaucC6hlpHNZHWgz5R7dS4roHiwq9vDctE//CZ++o0W1Q==",
      "dependencies": {
        "prosemirror-model": "^1.0.0",
        "prosemirror-transform": "^1.0.0",
        "prosemirror-view": "^1.27.0"
      }
    },
    "node_modules/prosemirror-tables": {
      "version": "1.3.7",
      "resolved": "https://registry.npmjs.org/prosemirror-tables/-/prosemirror-tables-1.3.7.tgz",
      "integrity": "sha512-oEwX1wrziuxMtwFvdDWSFHVUWrFJWt929kVVfHvtTi8yvw+5ppxjXZkMG/fuTdFo+3DXyIPSKfid+Be1npKXDA==",
      "dependencies": {
        "prosemirror-keymap": "^1.1.2",
        "prosemirror-model": "^1.8.1",
        "prosemirror-state": "^1.3.1",
        "prosemirror-transform": "^1.2.1",
        "prosemirror-view": "^1.13.3"
      }
    },
    "node_modules/prosemirror-trailing-node": {
      "version": "2.0.7",
      "resolved": "https://registry.npmjs.org/prosemirror-trailing-node/-/prosemirror-trailing-node-2.0.7.tgz",
      "integrity": "sha512-8zcZORYj/8WEwsGo6yVCRXFMOfBo0Ub3hCUvmoWIZYfMP26WqENU0mpEP27w7mt8buZWuGrydBewr0tOArPb1Q==",
      "dependencies": {
        "@remirror/core-constants": "^2.0.2",
        "@remirror/core-helpers": "^3.0.0",
        "escape-string-regexp": "^4.0.0"
      },
      "peerDependencies": {
        "prosemirror-model": "^1.19.0",
        "prosemirror-state": "^1.4.2",
        "prosemirror-view": "^1.31.2"
      }
    },
    "node_modules/prosemirror-transform": {
      "version": "1.8.0",
      "resolved": "https://registry.npmjs.org/prosemirror-transform/-/prosemirror-transform-1.8.0.tgz",
      "integrity": "sha512-BaSBsIMv52F1BVVMvOmp1yzD3u65uC3HTzCBQV1WDPqJRQ2LuHKcyfn0jwqodo8sR9vVzMzZyI+Dal5W9E6a9A==",
      "dependencies": {
        "prosemirror-model": "^1.0.0"
      }
    },
    "node_modules/prosemirror-view": {
      "version": "1.33.1",
      "resolved": "https://registry.npmjs.org/prosemirror-view/-/prosemirror-view-1.33.1.tgz",
      "integrity": "sha512-62qkYgSJIkwIMMCpuGuPzc52DiK1Iod6TWoIMxP4ja6BTD4yO8kCUL64PZ/WhH/dJ9fW0CDO39FhH1EMyhUFEg==",
      "dependencies": {
        "prosemirror-model": "^1.16.0",
        "prosemirror-state": "^1.0.0",
        "prosemirror-transform": "^1.1.0"
      }
    },
    "node_modules/punycode.js": {
      "version": "2.3.1",
      "resolved": "https://registry.npmjs.org/punycode.js/-/punycode.js-2.3.1.tgz",
      "integrity": "sha512-uxFIHU0YlHYhDQtV4R9J6a52SLx28BCjT+4ieh7IGbgwVJWO+km431c4yRlREUAsAmt/uMjQUyQHNEPf0M39CA==",
      "engines": {
        "node": ">=6"
      }
    },
    "node_modules/react": {
      "version": "18.2.0",
      "resolved": "https://registry.npmjs.org/react/-/react-18.2.0.tgz",
      "integrity": "sha512-/3IjMdb2L9QbBdWiW5e3P2/npwMBaU9mHCSCUzNln0ZCYbcfTsGbTJrU/kGemdH2IWmB2ioZ+zkxtmq6g09fGQ==",
      "dependencies": {
        "loose-envify": "^1.1.0"
      },
      "engines": {
        "node": ">=0.10.0"
      }
    },
    "node_modules/react-dom": {
      "version": "18.2.0",
      "resolved": "https://registry.npmjs.org/react-dom/-/react-dom-18.2.0.tgz",
      "integrity": "sha512-6IMTriUmvsjHUjNtEDudZfuDQUoWXVxKHhlEGSk81n4YFS+r/Kl99wXiwlVXtPBtJenozv2P+hxDsw9eA7Xo6g==",
      "dependencies": {
        "loose-envify": "^1.1.0",
        "scheduler": "^0.23.0"
      },
      "peerDependencies": {
        "react": "^18.2.0"
      }
    },
    "node_modules/rope-sequence": {
      "version": "1.3.4",
      "resolved": "https://registry.npmjs.org/rope-sequence/-/rope-sequence-1.3.4.tgz",
      "integrity": "sha512-UT5EDe2cu2E/6O4igUr5PSFs23nvvukicWHx6GnOPlHAiiYbzNuCRQCuiUdHJQcqKalLKlrYJnjY0ySGsXNQXQ=="
    },
    "node_modules/scheduler": {
      "version": "0.23.0",
      "resolved": "https://registry.npmjs.org/scheduler/-/scheduler-0.23.0.tgz",
      "integrity": "sha512-CtuThmgHNg7zIZWAXi3AsyIzA3n4xx7aNyjwC2VJldO2LMVDhFK+63xGqq6CsJH4rTAt6/M+N4GhZiDYPx9eUw==",
      "dependencies": {
        "loose-envify": "^1.1.0"
      }
    },
    "node_modules/source-map-js": {
      "version": "1.0.2",
      "resolved": "https://registry.npmjs.org/source-map-js/-/source-map-js-1.0.2.tgz",
      "integrity": "sha512-R0XvVJ9WusLiqTCEiGCmICCMplcCkIwwR11mOSD9CR5u+IXYdiseeEuXCVAjS54zqwkLcPNnmU4OeJ6tUrWhDw==",
      "engines": {
        "node": ">=0.10.0"
      }
    },
    "node_modules/streamsearch": {
      "version": "1.1.0",
      "resolved": "https://registry.npmjs.org/streamsearch/-/streamsearch-1.1.0.tgz",
      "integrity": "sha512-Mcc5wHehp9aXz1ax6bZUyY5afg9u2rv5cqQI3mRrYkGC8rW2hM02jWuwjtL++LS5qinSyhj2QfLyNsuc+VsExg==",
      "engines": {
        "node": ">=10.0.0"
      }
    },
    "node_modules/styled-jsx": {
      "version": "5.1.1",
      "resolved": "https://registry.npmjs.org/styled-jsx/-/styled-jsx-5.1.1.tgz",
      "integrity": "sha512-pW7uC1l4mBZ8ugbiZrcIsiIvVx1UmTfw7UkC3Um2tmfUq9Bhk8IiyEIPl6F8agHgjzku6j0xQEZbfA5uSgSaCw==",
      "dependencies": {
        "client-only": "0.0.1"
      },
      "engines": {
        "node": ">= 12.0.0"
      },
      "peerDependencies": {
        "react": ">= 16.8.0 || 17.x.x || ^18.0.0-0"
      },
      "peerDependenciesMeta": {
        "@babel/core": {
          "optional": true
        },
        "babel-plugin-macros": {
          "optional": true
        }
      }
    },
    "node_modules/throttle-debounce": {
      "version": "3.0.1",
      "resolved": "https://registry.npmjs.org/throttle-debounce/-/throttle-debounce-3.0.1.tgz",
      "integrity": "sha512-dTEWWNu6JmeVXY0ZYoPuH5cRIwc0MeGbJwah9KUNYSJwommQpCzTySTpEe8Gs1J23aeWEuAobe4Ag7EHVt/LOg==",
      "engines": {
        "node": ">=10"
      }
    },
    "node_modules/tippy.js": {
      "version": "6.3.7",
      "resolved": "https://registry.npmjs.org/tippy.js/-/tippy.js-6.3.7.tgz",
      "integrity": "sha512-E1d3oP2emgJ9dRQZdf3Kkn0qJgI6ZLpyS5z6ZkY1DF3kaQaBsGZsndEpHwx+eC+tYM41HaSNvNtLx8tU57FzTQ==",
      "dependencies": {
        "@popperjs/core": "^2.9.0"
      }
    },
    "node_modules/tslib": {
      "version": "2.6.2",
      "resolved": "https://registry.npmjs.org/tslib/-/tslib-2.6.2.tgz",
      "integrity": "sha512-AEYxH93jGFPn/a2iVAwW87VuUIkR1FVUKB77NwMF7nBTDkDrrT/Hpt/IrCJ0QXhW27jTBDcf5ZY7w6RiqTMw2Q=="
    },
    "node_modules/type-fest": {
      "version": "2.19.0",
      "resolved": "https://registry.npmjs.org/type-fest/-/type-fest-2.19.0.tgz",
      "integrity": "sha512-RAH822pAdBgcNMAfWnCBU3CFZcfZ/i1eZjwFU/dsLKumyuuP3niueg2UAukXYF0E2AAoc82ZSSf9J0WQBinzHA==",
      "engines": {
        "node": ">=12.20"
      },
      "funding": {
        "url": "https://github.com/sponsors/sindresorhus"
      }
    },
    "node_modules/typescript": {
      "version": "5.3.3",
      "resolved": "https://registry.npmjs.org/typescript/-/typescript-5.3.3.tgz",
      "integrity": "sha512-pXWcraxM0uxAS+tN0AG/BF2TyqmHO014Z070UsJ+pFvYuRSq8KH8DmWpnbXe0pEPDHXZV3FcAbJkijJ5oNEnWw==",
      "dev": true,
      "bin": {
        "tsc": "bin/tsc",
        "tsserver": "bin/tsserver"
      },
      "engines": {
        "node": ">=14.17"
      }
    },
    "node_modules/uc.micro": {
      "version": "2.1.0",
      "resolved": "https://registry.npmjs.org/uc.micro/-/uc.micro-2.1.0.tgz",
      "integrity": "sha512-ARDJmphmdvUk6Glw7y9DQ2bFkKBHwQHLi2lsaH6PPmz/Ka9sFOBsBluozhDltWmnv9u/cF6Rt87znRTPV+yp/A=="
    },
    "node_modules/undici-types": {
      "version": "5.26.5",
      "resolved": "https://registry.npmjs.org/undici-types/-/undici-types-5.26.5.tgz",
      "integrity": "sha512-JlCMO+ehdEIKqlFxk6IfVoAUVmgz7cU7zD/h9XZ0qzeosSHmUJVOzSQvvYSYWXkFXC+IfLKSIffhv0sVZup6pA==",
      "dev": true
    },
    "node_modules/w3c-keyname": {
      "version": "2.2.8",
      "resolved": "https://registry.npmjs.org/w3c-keyname/-/w3c-keyname-2.2.8.tgz",
      "integrity": "sha512-dpojBhNsCNN7T82Tm7k26A6G9ML3NkhDsnw9n/eoxSRlVBB4CEtIQ/KTCLI2Fwf3ataSXRhYFkQi3SlnFwPvPQ=="
    }
  }
}
